
Microsoft Visual Studio Solution File, Format Version 12.00
# Visual Studio Version 16
VisualStudioVersion = 16.0.29920.165
MinimumVisualStudioVersion = 10.0.40219.1
Project("{FAE04EC0-301F-11D3-BF4B-00C04F79EFBC}") = "DungeonMasterBot", "DungeonMasterBot\DungeonMasterBot.csproj", "{0CBBE1E4-33E0-4386-8A7A-D061832474DF}"
EndProject
Global
	GlobalSection(SolutionConfigurationPlatforms) = preSolution
		Debug|Any CPU = Debug|Any CPU
		Release|Any CPU = Release|Any CPU
	EndGlobalSection
	GlobalSection(ProjectConfigurationPlatforms) = postSolution
		{0CBBE1E4-33E0-4386-8A7A-D061832474DF}.Debug|Any CPU.ActiveCfg = Debug|Any CPU
		{0CBBE1E4-33E0-4386-8A7A-D061832474DF}.Debug|Any CPU.Build.0 = Debug|Any CPU
		{0CBBE1E4-33E0-4386-8A7A-D061832474DF}.Release|Any CPU.ActiveCfg = Release|Any CPU
		{0CBBE1E4-33E0-4386-8A7A-D061832474DF}.Release|Any CPU.Build.0 = Release|Any CPU
	EndGlobalSection
	GlobalSection(SolutionProperties) = preSolution
		HideSolutionNode = FALSE
	EndGlobalSection
	GlobalSection(ExtensibilityGlobals) = postSolution
		SolutionGuid = {E509E029-8F3B-49F9-B821-18DE6D8A3B0C}
	EndGlobalSection
EndGlobal
